<?xml version="1.0" encoding="utf-8"?>
<Project ToolsVersion="4.0" xmlns="http://schemas.microsoft.com/developer/msbuild/2003">
  <ItemGroup>
    <ClCompile Include="src\Main.cpp" />
    <ClCompile Include="src\Map.cpp" />
    <ClCompile Include="src\MapLoader.cpp" />
    <ClCompile Include="src\Player.cpp" />
    <ClCompile Include="src\Utility.cpp" />
    <ClCompile Include="src\Dice.cpp" />
    <ClCompile Include="src\DiceDriver.cpp" />
    <ClCompile Include="inc\Dice.h" />
    <ClCompile Include="inc\DiceDriver.h" />
    <ClCompile Include="src\PlayerDriver.cpp" />
  </ItemGroup>
  <ItemGroup>
    <ClInclude Include="inc\ErrorCodes.h" />
    <ClInclude Include="inc\GameNodes.h" />
    <ClInclude Include="inc\Map.h" />
    <ClInclude Include="inc\MapLoader.h" />
    <ClInclude Include="inc\Player.h" />
    <ClInclude Include="inc\Utility.h" />
    <ClInclude Include="inc\PlayerDriver.h" />
  </ItemGroup>
</Project>